
Microsoft Visual Studio Solution File, Format Version 12.00
# Visual Studio Version 16
VisualStudioVersion = 16.0.30804.86
MinimumVisualStudioVersion = 10.0.40219.1
Project("{FAE04EC0-301F-11D3-BF4B-00C04F79EFBC}") = "cw11", "cw11\cw11.csproj", "{9691414D-87A5-4C2C-A3E2-A45BC30C5832}"
EndProject
Global
	GlobalSection(SolutionConfigurationPlatforms) = preSolution
		Debug|Any CPU = Debug|Any CPU
		Release|Any CPU = Release|Any CPU
	EndGlobalSection
	GlobalSection(ProjectConfigurationPlatforms) = postSolution
		{9691414D-87A5-4C2C-A3E2-A45BC30C5832}.Debug|Any CPU.ActiveCfg = Debug|Any CPU
		{9691414D-87A5-4C2C-A3E2-A45BC30C5832}.Debug|Any CPU.Build.0 = Debug|Any CPU
		{9691414D-87A5-4C2C-A3E2-A45BC30C5832}.Release|Any CPU.ActiveCfg = Release|Any CPU
		{9691414D-87A5-4C2C-A3E2-A45BC30C5832}.Release|Any CPU.Build.0 = Release|Any CPU
	EndGlobalSection
	GlobalSection(SolutionProperties) = preSolution
		HideSolutionNode = FALSE
	EndGlobalSection
	GlobalSection(ExtensibilityGlobals) = postSolution
		SolutionGuid = {3CFE6FB6-B427-44E1-AFC2-207521EBCB84}
	EndGlobalSection
EndGlobal
